
Microsoft Visual Studio Solution File, Format Version 12.00
# Visual Studio Version 17
VisualStudioVersion = 17.8.34511.84
MinimumVisualStudioVersion = 10.0.40219.1
Project("{FAE04EC0-301F-11D3-BF4B-00C04F79EFBC}") = "DirectInputDeviceEnumerator", "DirectInputDeviceEnumerator\DirectInputDeviceEnumerator.csproj", "{4EBD2F7B-FAA8-47A1-A060-9FC76BFB2FE6}"
EndProject
Global
	GlobalSection(SolutionConfigurationPlatforms) = preSolution
		Debug|Any CPU = Debug|Any CPU
		Release|Any CPU = Release|Any CPU
	EndGlobalSection
	GlobalSection(ProjectConfigurationPlatforms) = postSolution
		{4EBD2F7B-FAA8-47A1-A060-9FC76BFB2FE6}.Debug|Any CPU.ActiveCfg = Debug|Any CPU
		{4EBD2F7B-FAA8-47A1-A060-9FC76BFB2FE6}.Debug|Any CPU.Build.0 = Debug|Any CPU
		{4EBD2F7B-FAA8-47A1-A060-9FC76BFB2FE6}.Release|Any CPU.ActiveCfg = Release|Any CPU
		{4EBD2F7B-FAA8-47A1-A060-9FC76BFB2FE6}.Release|Any CPU.Build.0 = Release|Any CPU
	EndGlobalSection
	GlobalSection(SolutionProperties) = preSolution
		HideSolutionNode = FALSE
	EndGlobalSection
	GlobalSection(ExtensibilityGlobals) = postSolution
		SolutionGuid = {1A6DA37A-BF0D-4842-A1D7-609F3ECE9EFE}
	EndGlobalSection
EndGlobal
